Microsoft Visual Studio Solution File, Format Version 12.00
# Visual Studio 15
VisualStudioVersion = 15.0.27004.2009
MinimumVisualStudioVersion = 10.0.40219.1
Project("{FAE04EC0-301F-11D3-BF4B-00C04F79EFBC}") = "UIPC_SDK_CSHARP", "UIPC_SDK_CSHARP.csproj", "{378FA4B9-F8AD-4729-96CB-C2D58DFCE20A}"
EndProject
Global
	GlobalSection(SolutionConfigurationPlatforms) = preSolution
		Debug|Any CPU = Debug|Any CPU
		Release|Any CPU = Release|Any CPU
	EndGlobalSection
	GlobalSection(ProjectConfigurationPlatforms) = postSolution
		{378FA4B9-F8AD-4729-96CB-C2D58DFCE20A}.Debug|Any CPU.ActiveCfg = Debug|Any CPU
		{378FA4B9-F8AD-4729-96CB-C2D58DFCE20A}.Debug|Any CPU.Build.0 = Debug|Any CPU
		{378FA4B9-F8AD-4729-96CB-C2D58DFCE20A}.Release|Any CPU.ActiveCfg = Release|Any CPU
		{378FA4B9-F8AD-4729-96CB-C2D58DFCE20A}.Release|Any CPU.Build.0 = Release|Any CPU
	EndGlobalSection
	GlobalSection(SolutionProperties) = preSolution
		HideSolutionNode = FALSE
	EndGlobalSection
	GlobalSection(ExtensibilityGlobals) = postSolution
		SolutionGuid = {18A27E1A-FCED-4F08-9B52-1C5EBBCF4323}
	EndGlobalSection
EndGlobal
